
Microsoft Visual Studio Solution File, Format Version 12.00
# Visual Studio Version 17
VisualStudioVersion = 17.11.35219.272
MinimumVisualStudioVersion = 10.0.40219.1
Project("{9A19103F-16F7-4668-BE54-9A1E7A4F7556}") = "AdventureManagement.API", "AdventureManagement\AdventureManagement.API.csproj", "{C08E372C-B814-4699-BF51-C84550D46D2B}"
EndProject
Project("{9A19103F-16F7-4668-BE54-9A1E7A4F7556}") = "AdventureManagementConsole", "AdventureManagement.Console\AdventureManagementConsole.csproj", "{067A75CA-EF4D-474C-BE04-C9F42EEF1E02}"
EndProject
Project("{FAE04EC0-301F-11D3-BF4B-00C04F79EFBC}") = "AdventureManagement.Winform", "AdventureManagement.Winform\AdventureManagement.Winform.csproj", "{5E13AF1C-9003-4BDC-BF6D-C5EFF7E9077E}"
EndProject
Project("{FAE04EC0-301F-11D3-BF4B-00C04F79EFBC}") = "AdventureManagement.DAL", "AdventureManagement.DAL\AdventureManagement.DAL.csproj", "{912D0F6A-B61E-48F7-9935-AB2273B57476}"
EndProject
Project("{FAE04EC0-301F-11D3-BF4B-00C04F79EFBC}") = "AdventureManagement.BUS", "AdventureManagement.BUS\AdventureManagement.BUS.csproj", "{115F21A4-3034-4D7D-A16A-F645C7A55EDE}"
EndProject
Global
	GlobalSection(SolutionConfigurationPlatforms) = preSolution
		Debug|Any CPU = Debug|Any CPU
		Release|Any CPU = Release|Any CPU
	EndGlobalSection
	GlobalSection(ProjectConfigurationPlatforms) = postSolution
		{C08E372C-B814-4699-BF51-C84550D46D2B}.Debug|Any CPU.ActiveCfg = Debug|Any CPU
		{C08E372C-B814-4699-BF51-C84550D46D2B}.Debug|Any CPU.Build.0 = Debug|Any CPU
		{C08E372C-B814-4699-BF51-C84550D46D2B}.Release|Any CPU.ActiveCfg = Release|Any CPU
		{C08E372C-B814-4699-BF51-C84550D46D2B}.Release|Any CPU.Build.0 = Release|Any CPU
		{067A75CA-EF4D-474C-BE04-C9F42EEF1E02}.Debug|Any CPU.ActiveCfg = Debug|Any CPU
		{067A75CA-EF4D-474C-BE04-C9F42EEF1E02}.Debug|Any CPU.Build.0 = Debug|Any CPU
		{067A75CA-EF4D-474C-BE04-C9F42EEF1E02}.Release|Any CPU.ActiveCfg = Release|Any CPU
		{067A75CA-EF4D-474C-BE04-C9F42EEF1E02}.Release|Any CPU.Build.0 = Release|Any CPU
		{5E13AF1C-9003-4BDC-BF6D-C5EFF7E9077E}.Debug|Any CPU.ActiveCfg = Debug|Any CPU
		{5E13AF1C-9003-4BDC-BF6D-C5EFF7E9077E}.Debug|Any CPU.Build.0 = Debug|Any CPU
		{5E13AF1C-9003-4BDC-BF6D-C5EFF7E9077E}.Release|Any CPU.ActiveCfg = Release|Any CPU
		{5E13AF1C-9003-4BDC-BF6D-C5EFF7E9077E}.Release|Any CPU.Build.0 = Release|Any CPU
		{912D0F6A-B61E-48F7-9935-AB2273B57476}.Debug|Any CPU.ActiveCfg = Debug|Any CPU
		{912D0F6A-B61E-48F7-9935-AB2273B57476}.Debug|Any CPU.Build.0 = Debug|Any CPU
		{912D0F6A-B61E-48F7-9935-AB2273B57476}.Release|Any CPU.ActiveCfg = Release|Any CPU
		{912D0F6A-B61E-48F7-9935-AB2273B57476}.Release|Any CPU.Build.0 = Release|Any CPU
		{115F21A4-3034-4D7D-A16A-F645C7A55EDE}.Debug|Any CPU.ActiveCfg = Debug|Any CPU
		{115F21A4-3034-4D7D-A16A-F645C7A55EDE}.Debug|Any CPU.Build.0 = Debug|Any CPU
		{115F21A4-3034-4D7D-A16A-F645C7A55EDE}.Release|Any CPU.ActiveCfg = Release|Any CPU
		{115F21A4-3034-4D7D-A16A-F645C7A55EDE}.Release|Any CPU.Build.0 = Release|Any CPU
	EndGlobalSection
	GlobalSection(SolutionProperties) = preSolution
		HideSolutionNode = FALSE
	EndGlobalSection
	GlobalSection(ExtensibilityGlobals) = postSolution
		SolutionGuid = {E723E2E7-8E48-4F52-8AB5-AF805C630DD8}
	EndGlobalSection
EndGlobal
